
Microsoft Visual Studio Solution File, Format Version 12.00
# Visual Studio Version 17
VisualStudioVersion = 17.8.34330.188
MinimumVisualStudioVersion = 10.0.40219.1
Project("{FAE04EC0-301F-11D3-BF4B-00C04F79EFBC}") = "Lab2Classes", "Lab2\Lab2Classes.csproj", "{F8BA9E3E-5313-4015-8023-644C017477F6}"
EndProject
Project("{FAE04EC0-301F-11D3-BF4B-00C04F79EFBC}") = "Lab2Tests", "Lab2Tests\Lab2Tests.csproj", "{2F6A086E-3AA1-4BE1-B3EA-F454EB2D0CFD}"
EndProject
Project("{FAE04EC0-301F-11D3-BF4B-00C04F79EFBC}") = "Lab2Console", "Lab2Console\Lab2Console.csproj", "{A71B56EF-30C0-424C-828F-B234E2312467}"
EndProject
Global
	GlobalSection(SolutionConfigurationPlatforms) = preSolution
		Debug|Any CPU = Debug|Any CPU
		Release|Any CPU = Release|Any CPU
	EndGlobalSection
	GlobalSection(ProjectConfigurationPlatforms) = postSolution
		{F8BA9E3E-5313-4015-8023-644C017477F6}.Debug|Any CPU.ActiveCfg = Debug|Any CPU
		{F8BA9E3E-5313-4015-8023-644C017477F6}.Debug|Any CPU.Build.0 = Debug|Any CPU
		{F8BA9E3E-5313-4015-8023-644C017477F6}.Release|Any CPU.ActiveCfg = Release|Any CPU
		{F8BA9E3E-5313-4015-8023-644C017477F6}.Release|Any CPU.Build.0 = Release|Any CPU
		{2F6A086E-3AA1-4BE1-B3EA-F454EB2D0CFD}.Debug|Any CPU.ActiveCfg = Debug|Any CPU
		{2F6A086E-3AA1-4BE1-B3EA-F454EB2D0CFD}.Debug|Any CPU.Build.0 = Debug|Any CPU
		{2F6A086E-3AA1-4BE1-B3EA-F454EB2D0CFD}.Release|Any CPU.ActiveCfg = Release|Any CPU
		{2F6A086E-3AA1-4BE1-B3EA-F454EB2D0CFD}.Release|Any CPU.Build.0 = Release|Any CPU
		{A71B56EF-30C0-424C-828F-B234E2312467}.Debug|Any CPU.ActiveCfg = Debug|Any CPU
		{A71B56EF-30C0-424C-828F-B234E2312467}.Debug|Any CPU.Build.0 = Debug|Any CPU
		{A71B56EF-30C0-424C-828F-B234E2312467}.Release|Any CPU.ActiveCfg = Release|Any CPU
		{A71B56EF-30C0-424C-828F-B234E2312467}.Release|Any CPU.Build.0 = Release|Any CPU
	EndGlobalSection
	GlobalSection(SolutionProperties) = preSolution
		HideSolutionNode = FALSE
	EndGlobalSection
	GlobalSection(ExtensibilityGlobals) = postSolution
		SolutionGuid = {BD8DD2E5-22F2-4D2C-8437-970D3922F032}
	EndGlobalSection
EndGlobal
